
Microsoft Visual Studio Solution File, Format Version 12.00
# Visual Studio 15
VisualStudioVersion = 15.0.26730.10
MinimumVisualStudioVersion = 10.0.40219.1
Project("{8BC9CEB8-8B4A-11D0-8D11-00A0C91BC942}") = "Thread", "Thread\Thread.vcxproj", "{1903F755-488F-446C-BE3B-BFD42C6FC45C}"
EndProject
Global
	GlobalSection(SolutionConfigurationPlatforms) = preSolution
		Debug|x64 = Debug|x64
		Debug|x86 = Debug|x86
		Release|x64 = Release|x64
		Release|x86 = Release|x86
	EndGlobalSection
	GlobalSection(ProjectConfigurationPlatforms) = postSolution
		{1903F755-488F-446C-BE3B-BFD42C6FC45C}.Debug|x64.ActiveCfg = Debug|x64
		{1903F755-488F-446C-BE3B-BFD42C6FC45C}.Debug|x64.Build.0 = Debug|x64
		{1903F755-488F-446C-BE3B-BFD42C6FC45C}.Debug|x86.ActiveCfg = Debug|Win32
		{1903F755-488F-446C-BE3B-BFD42C6FC45C}.Debug|x86.Build.0 = Debug|Win32
		{1903F755-488F-446C-BE3B-BFD42C6FC45C}.Release|x64.ActiveCfg = Release|x64
		{1903F755-488F-446C-BE3B-BFD42C6FC45C}.Release|x64.Build.0 = Release|x64
		{1903F755-488F-446C-BE3B-BFD42C6FC45C}.Release|x86.ActiveCfg = Release|Win32
		{1903F755-488F-446C-BE3B-BFD42C6FC45C}.Release|x86.Build.0 = Release|Win32
	EndGlobalSection
	GlobalSection(SolutionProperties) = preSolution
		HideSolutionNode = FALSE
	EndGlobalSection
	GlobalSection(ExtensibilityGlobals) = postSolution
		SolutionGuid = {98CA3E22-7049-4CAA-8F22-B96AB8FA028F}
	EndGlobalSection
EndGlobal
